
Microsoft Visual Studio Solution File, Format Version 12.00
# Visual Studio Version 16
VisualStudioVersion = 16.0.31702.278
MinimumVisualStudioVersion = 10.0.40219.1
Project("{8BC9CEB8-8B4A-11D0-8D11-00A0C91BC942}") = "链栈", "链栈\链栈.vcxproj", "{888B4050-5B77-48B9-8566-F293317FE31D}"
EndProject
Global
	GlobalSection(SolutionConfigurationPlatforms) = preSolution
		Debug|x64 = Debug|x64
		Debug|x86 = Debug|x86
		Release|x64 = Release|x64
		Release|x86 = Release|x86
	EndGlobalSection
	GlobalSection(ProjectConfigurationPlatforms) = postSolution
		{888B4050-5B77-48B9-8566-F293317FE31D}.Debug|x64.ActiveCfg = Debug|x64
		{888B4050-5B77-48B9-8566-F293317FE31D}.Debug|x64.Build.0 = Debug|x64
		{888B4050-5B77-48B9-8566-F293317FE31D}.Debug|x86.ActiveCfg = Debug|Win32
		{888B4050-5B77-48B9-8566-F293317FE31D}.Debug|x86.Build.0 = Debug|Win32
		{888B4050-5B77-48B9-8566-F293317FE31D}.Release|x64.ActiveCfg = Release|x64
		{888B4050-5B77-48B9-8566-F293317FE31D}.Release|x64.Build.0 = Release|x64
		{888B4050-5B77-48B9-8566-F293317FE31D}.Release|x86.ActiveCfg = Release|Win32
		{888B4050-5B77-48B9-8566-F293317FE31D}.Release|x86.Build.0 = Release|Win32
	EndGlobalSection
	GlobalSection(SolutionProperties) = preSolution
		HideSolutionNode = FALSE
	EndGlobalSection
	GlobalSection(ExtensibilityGlobals) = postSolution
		SolutionGuid = {71461A1D-B881-4254-B50E-ABA25F020976}
	EndGlobalSection
EndGlobal
