
Microsoft Visual Studio Solution File, Format Version 12.00
# Visual Studio Version 16
VisualStudioVersion = 16.0.31702.278
MinimumVisualStudioVersion = 10.0.40219.1
Project("{8BC9CEB8-8B4A-11D0-8D11-00A0C91BC942}") = "不带头节点的单链表定义及基本操作", "不带头节点的单链表定义及基本操作\不带头节点的单链表定义及基本操作.vcxproj", "{33CAD630-E828-4D53-82F7-A2EC56D95833}"
EndProject
Global
	GlobalSection(SolutionConfigurationPlatforms) = preSolution
		Debug|x64 = Debug|x64
		Debug|x86 = Debug|x86
		Release|x64 = Release|x64
		Release|x86 = Release|x86
	EndGlobalSection
	GlobalSection(ProjectConfigurationPlatforms) = postSolution
		{33CAD630-E828-4D53-82F7-A2EC56D95833}.Debug|x64.ActiveCfg = Debug|x64
		{33CAD630-E828-4D53-82F7-A2EC56D95833}.Debug|x64.Build.0 = Debug|x64
		{33CAD630-E828-4D53-82F7-A2EC56D95833}.Debug|x86.ActiveCfg = Debug|Win32
		{33CAD630-E828-4D53-82F7-A2EC56D95833}.Debug|x86.Build.0 = Debug|Win32
		{33CAD630-E828-4D53-82F7-A2EC56D95833}.Release|x64.ActiveCfg = Release|x64
		{33CAD630-E828-4D53-82F7-A2EC56D95833}.Release|x64.Build.0 = Release|x64
		{33CAD630-E828-4D53-82F7-A2EC56D95833}.Release|x86.ActiveCfg = Release|Win32
		{33CAD630-E828-4D53-82F7-A2EC56D95833}.Release|x86.Build.0 = Release|Win32
	EndGlobalSection
	GlobalSection(SolutionProperties) = preSolution
		HideSolutionNode = FALSE
	EndGlobalSection
	GlobalSection(ExtensibilityGlobals) = postSolution
		SolutionGuid = {7EBC0508-8243-43FC-A411-D2EB4785D8CF}
	EndGlobalSection
EndGlobal
